// !$*UTF8*$!
{
	archiveVersion = 1;
	classes = {
	};
	objectVersion = 50;
	objects = {

/* Begin PBXBuildFile section */
		44391F42225E6B0200CFBEDE /* AppDelegate.swift in Sources */ = {isa = PBXBuildFile; fileRef = 44391F41225E6B0200CFBEDE /* AppDelegate.swift */; };
		44391F47225E6B0200CFBEDE /* Main.storyboard in Resources */ = {isa = PBXBuildFile; fileRef = 44391F45225E6B0200CFBEDE /* Main.storyboard */; };
		44391F4A225E6B0200CFBEDE /* Blitz.xcdatamodeld in Sources */ = {isa = PBXBuildFile; fileRef = 44391F48225E6B0200CFBEDE /* Blitz.xcdatamodeld */; };
		44391F4C225E6B0200CFBEDE /* Assets.xcassets in Resources */ = {isa = PBXBuildFile; fileRef = 44391F4B225E6B0200CFBEDE /* Assets.xcassets */; };
		44391F4F225E6B0200CFBEDE /* LaunchScreen.storyboard in Resources */ = {isa = PBXBuildFile; fileRef = 44391F4D225E6B0200CFBEDE /* LaunchScreen.storyboard */; };
		E61E64A5225E7AF900C6C0A2 /* MyLinupTableViewCell.swift in Sources */ = {isa = PBXBuildFile; fileRef = E61E64A4225E7AF900C6C0A2 /* MyLinupTableViewCell.swift */; };
		E61E64A7225E7B5E00C6C0A2 /* MyLineupViewController.swift in Sources */ = {isa = PBXBuildFile; fileRef = E61E64A6225E7B5E00C6C0A2 /* MyLineupViewController.swift */; };
		E61E64A9225E7FD300C6C0A2 /* allPlayersViewController.swift in Sources */ = {isa = PBXBuildFile; fileRef = E61E64A8225E7FD300C6C0A2 /* allPlayersViewController.swift */; };
		E61E64AB225E803400C6C0A2 /* allPlayersTableViewCell.swift in Sources */ = {isa = PBXBuildFile; fileRef = E61E64AA225E803400C6C0A2 /* allPlayersTableViewCell.swift */; };
/* End PBXBuildFile section */

/* Begin PBXFileReference section */
		44391F3E225E6B0200CFBEDE /* Blitz.app */ = {isa = PBXFileReference; explicitFileType = wrapper.application; includeInIndex = 0; path = Blitz.app; sourceTree = BUILT_PRODUCTS_DIR; };
		44391F41225E6B0200CFBEDE /* AppDelegate.swift */ = {isa = PBXFileReference; lastKnownFileType = sourcecode.swift; path = AppDelegate.swift; sourceTree = "<group>"; };
		44391F46225E6B0200CFBEDE /* Base */ = {isa = PBXFileReference; lastKnownFileType = file.storyboard; name = Base; path = Base.lproj/Main.storyboard; sourceTree = "<group>"; };
		44391F49225E6B0200CFBEDE /* Blitz.xcdatamodel */ = {isa = PBXFileReference; lastKnownFileType = wrapper.xcdatamodel; path = Blitz.xcdatamodel; sourceTree = "<group>"; };
		44391F4B225E6B0200CFBEDE /* Assets.xcassets */ = {isa = PBXFileReference; lastKnownFileType = folder.assetcatalog; path = Assets.xcassets; sourceTree = "<group>"; };
		44391F4E225E6B0200CFBEDE /* Base */ = {isa = PBXFileReference; lastKnownFileType = file.storyboard; name = Base; path = Base.lproj/LaunchScreen.storyboard; sourceTree = "<group>"; };
		44391F50225E6B0200CFBEDE /* Info.plist */ = {isa = PBXFileReference; lastKnownFileType = text.plist.xml; path = Info.plist; sourceTree = "<group>"; };
		E61E64A4225E7AF900C6C0A2 /* MyLinupTableViewCell.swift */ = {isa = PBXFileReference; lastKnownFileType = sourcecode.swift; path = MyLinupTableViewCell.swift; sourceTree = "<group>"; };
		E61E64A6225E7B5E00C6C0A2 /* MyLineupViewController.swift */ = {isa = PBXFileReference; lastKnownFileType = sourcecode.swift; path = MyLineupViewController.swift; sourceTree = "<group>"; };
		E61E64A8225E7FD300C6C0A2 /* allPlayersViewController.swift */ = {isa = PBXFileReference; lastKnownFileType = sourcecode.swift; path = allPlayersViewController.swift; sourceTree = "<group>"; };
		E61E64AA225E803400C6C0A2 /* allPlayersTableViewCell.swift */ = {isa = PBXFileReference; lastKnownFileType = sourcecode.swift; path = allPlayersTableViewCell.swift; sourceTree = "<group>"; };
/* End PBXFileReference section */

/* Begin PBXFrameworksBuildPhase section */
		44391F3B225E6B0200CFBEDE /* Frameworks */ = {
			isa = PBXFrameworksBuildPhase;
			buildActionMask = 2147483647;
			files = (
			);
			runOnlyForDeploymentPostprocessing = 0;
		};
/* End PBXFrameworksBuildPhase section */

/* Begin PBXGroup section */
		44391F35225E6B0200CFBEDE = {
			isa = PBXGroup;
			children = (
				44391F40225E6B0200CFBEDE /* Blitz */,
				44391F3F225E6B0200CFBEDE /* Products */,
			);
			sourceTree = "<group>";
		};
		44391F3F225E6B0200CFBEDE /* Products */ = {
			isa = PBXGroup;
			children = (
				44391F3E225E6B0200CFBEDE /* Blitz.app */,
			);
			name = Products;
			sourceTree = "<group>";
		};
		44391F40225E6B0200CFBEDE /* Blitz */ = {
			isa = PBXGroup;
			children = (
				44391F41225E6B0200CFBEDE /* AppDelegate.swift */,
				44391F45225E6B0200CFBEDE /* Main.storyboard */,
				44391F4B225E6B0200CFBEDE /* Assets.xcassets */,
				44391F4D225E6B0200CFBEDE /* LaunchScreen.storyboard */,
				44391F50225E6B0200CFBEDE /* Info.plist */,
				44391F48225E6B0200CFBEDE /* Blitz.xcdatamodeld */,
				E61E64A4225E7AF900C6C0A2 /* MyLinupTableViewCell.swift */,
				E61E64A6225E7B5E00C6C0A2 /* MyLineupViewController.swift */,
				E61E64A8225E7FD300C6C0A2 /* allPlayersViewController.swift */,
				E61E64AA225E803400C6C0A2 /* allPlayersTableViewCell.swift */,
			);
			path = Blitz;
			sourceTree = "<group>";
		};
/* End PBXGroup section */

/* Begin PBXNativeTarget section */
		44391F3D225E6B0200CFBEDE /* Blitz */ = {
			isa = PBXNativeTarget;
			buildConfigurationList = 44391F53225E6B0200CFBEDE /* Build configuration list for PBXNativeTarget "Blitz" */;
			buildPhases = (
				44391F3A225E6B0200CFBEDE /* Sources */,
				44391F3B225E6B0200CFBEDE /* Frameworks */,
				44391F3C225E6B0200CFBEDE /* Resources */,
			);
			buildRules = (
			);
			dependencies = (
			);
			name = Blitz;
			productName = Blitz;
			productReference = 44391F3E225E6B0200CFBEDE /* Blitz.app */;
			productType = "com.apple.product-type.application";
		};
/* End PBXNativeTarget section */

/* Begin PBXProject section */
		44391F36225E6B0200CFBEDE /* Project object */ = {
			isa = PBXProject;
			attributes = {
				LastSwiftUpdateCheck = 1010;
				LastUpgradeCheck = 1010;
				ORGANIZATIONNAME = nathanortbals;
				TargetAttributes = {
					44391F3D225E6B0200CFBEDE = {
						CreatedOnToolsVersion = 10.1;
						LastSwiftMigration = 1020;
					};
				};
			};
			buildConfigurationList = 44391F39225E6B0200CFBEDE /* Build configuration list for PBXProject "Blitz" */;
			compatibilityVersion = "Xcode 9.3";
			developmentRegion = en;
			hasScannedForEncodings = 0;
			knownRegions = (
				en,
				Base,
			);
			mainGroup = 44391F35225E6B0200CFBEDE;
			productRefGroup = 44391F3F225E6B0200CFBEDE /* Products */;
			projectDirPath = "";
			projectRoot = "";
			targets = (
				44391F3D225E6B0200CFBEDE /* Blitz */,
			);
		};
/* End PBXProject section */

/* Begin PBXResourcesBuildPhase section */
		44391F3C225E6B0200CFBEDE /* Resources */ = {
			isa = PBXResourcesBuildPhase;
			buildActionMask = 2147483647;
			files = (
				44391F4F225E6B0200CFBEDE /* LaunchScreen.storyboard in Resources */,
				44391F4C225E6B0200CFBEDE /* Assets.xcassets in Resources */,
				44391F47225E6B0200CFBEDE /* Main.storyboard in Resources */,
			);
			runOnlyForDeploymentPostprocessing = 0;
		};
/* End PBXResourcesBuildPhase section */

/* Begin PBXSourcesBuildPhase section */
		44391F3A225E6B0200CFBEDE /* Sources */ = {
			isa = PBXSourcesBuildPhase;
			buildActionMask = 2147483647;
			files = (
				44391F4A225E6B0200CFBEDE /* Blitz.xcdatamodeld in Sources */,
				E61E64A7225E7B5E00C6C0A2 /* MyLineupViewController.swift in Sources */,
				E61E64A9225E7FD300C6C0A2 /* allPlayersViewController.swift in Sources */,
				E61E64A5225E7AF900C6C0A2 /* MyLinupTableViewCell.swift in Sources */,
				E61E64AB225E803400C6C0A2 /* allPlayersTableViewCell.swift in Sources */,
				44391F42225E6B0200CFBEDE /* AppDelegate.swift in Sources */,
			);
			runOnlyForDeploymentPostprocessing = 0;
		};
/* End PBXSourcesBuildPhase section */

/* Begin PBXVariantGroup section */
		44391F45225E6B0200CFBEDE /* Main.storyboard */ = {
			isa = PBXVariantGroup;
			children = (
				44391F46225E6B0200CFBEDE /* Base */,
			);
			name = Main.storyboard;
			sourceTree = "<group>";
		};
		44391F4D225E6B0200CFBEDE /* LaunchScreen.storyboard */ = {
			isa = PBXVariantGroup;
			children = (
				44391F4E225E6B0200CFBEDE /* Base */,
			);
			name = LaunchScreen.storyboard;
			sourceTree = "<group>";
		};
/* End PBXVariantGroup section */

/* Begin XCBuildConfiguration section */
		44391F51225E6B0200CFBEDE /* Debug */ = {
			isa = XCBuildConfiguration;
			buildSettings = {
				ALWAYS_SEARCH_USER_PATHS = NO;
				CLANG_ANALYZER_NONNULL = YES;
				CLANG_ANALYZER_NUMBER_OBJECT_CONVERSION = YES_AGGRESSIVE;
				CLANG_CXX_LANGUAGE_STANDARD = "gnu++14";
				CLANG_CXX_LIBRARY = "libc++";
				CLANG_ENABLE_MODULES = YES;
				CLANG_ENABLE_OBJC_ARC = YES;
				CLANG_ENABLE_OBJC_WEAK = YES;
				CLANG_WARN_BLOCK_CAPTURE_AUTORELEASING = YES;
				CLANG_WARN_BOOL_CONVERSION = YES;
				CLANG_WARN_COMMA = YES;
				CLANG_WARN_CONSTANT_CONVERSION = YES;
				CLANG_WARN_DEPRECATED_OBJC_IMPLEMENTATIONS = YES;
				CLANG_WARN_DIRECT_OBJC_ISA_USAGE = YES_ERROR;
				CLANG_WARN_DOCUMENTATION_COMMENTS = YES;
				CLANG_WARN_EMPTY_BODY = YES;
				CLANG_WARN_ENUM_CONVERSION = YES;
				CLANG_WARN_INFINITE_RECURSION = YES;
				CLANG_WARN_INT_CONVERSION = YES;
				CLANG_WARN_NON_LITERAL_NULL_CONVERSION = YES;
				CLANG_WARN_OBJC_IMPLICIT_RETAIN_SELF = YES;
				CLANG_WARN_OBJC_LITERAL_CONVERSION = YES;
				CLANG_WARN_OBJC_ROOT_CLASS = YES_ERROR;
				CLANG_WARN_RANGE_LOOP_ANALYSIS = YES;
				CLANG_WARN_STRICT_PROTOTYPES = YES;
				CLANG_WARN_SUSPICIOUS_MOVE = YES;
				CLANG_WARN_UNGUARDED_AVAILABILITY = YES_AGGRESSIVE;
				CLANG_WARN_UNREACHABLE_CODE = YES;
				CLANG_WARN__DUPLICATE_METHOD_MATCH = YES;
				CODE_SIGN_IDENTITY = "iPhone Developer";
				COPY_PHASE_STRIP = NO;
				DEBUG_INFORMATION_FORMAT = dwarf;
				ENABLE_STRICT_OBJC_MSGSEND = YES;
				ENABLE_TESTABILITY = YES;
				GCC_C_LANGUAGE_STANDARD = gnu11;
				GCC_DYNAMIC_NO_PIC = NO;
				GCC_NO_COMMON_BLOCKS = YES;
				GCC_OPTIMIZATION_LEVEL = 0;
				GCC_PREPROCESSOR_DEFINITIONS = (
					"DEBUG=1",
					"$(inherited)",
				);
				GCC_WARN_64_TO_32_BIT_CONVERSION = YES;
				GCC_WARN_ABOUT_RETURN_TYPE = YES_ERROR;
				GCC_WARN_UNDECLARED_SELECTOR = YES;
				GCC_WARN_UNINITIALIZED_AUTOS = YES_AGGRESSIVE;
				GCC_WARN_UNUSED_FUNCTION = YES;
				GCC_WARN_UNUSED_VARIABLE = YES;
				IPHONEOS_DEPLOYMENT_TARGET = 12.1;
				MTL_ENABLE_DEBUG_INFO = INCLUDE_SOURCE;
				MTL_FAST_MATH = YES;
				ONLY_ACTIVE_ARCH = YES;
				SDKROOT = iphoneos;
				SWIFT_ACTIVE_COMPILATION_CONDITIONS = DEBUG;
				SWIFT_OPTIMIZATION_LEVEL = "-Onone";
			};
			name = Debug;
		};
		44391F52225E6B0200CFBEDE /* Release */ = {
			isa = XCBuildConfiguration;
			buildSettings = {
				ALWAYS_SEARCH_USER_PATHS = NO;
				CLANG_ANALYZER_NONNULL = YES;
				CLANG_ANALYZER_NUMBER_OBJECT_CONVERSION = YES_AGGRESSIVE;
				CLANG_CXX_LANGUAGE_STANDARD = "gnu++14";
				CLANG_CXX_LIBRARY = "libc++";
				CLANG_ENABLE_MODULES = YES;
				CLANG_ENABLE_OBJC_ARC = YES;
				CLANG_ENABLE_OBJC_WEAK = YES;
				CLANG_WARN_BLOCK_CAPTURE_AUTORELEASING = YES;
				CLANG_WARN_BOOL_CONVERSION = YES;
				CLANG_WARN_COMMA = YES;
				CLANG_WARN_CONSTANT_CONVERSION = YES;
				CLANG_WARN_DEPRECATED_OBJC_IMPLEMENTATIONS = YES;
				CLANG_WARN_DIRECT_OBJC_ISA_USAGE = YES_ERROR;
				CLANG_WARN_DOCUMENTATION_COMMENTS = YES;
				CLANG_WARN_EMPTY_BODY = YES;
				CLANG_WARN_ENUM_CONVERSION = YES;
				CLANG_WARN_INFINITE_RECURSION = YES;
				CLANG_WARN_INT_CONVERSION = YES;
				CLANG_WARN_NON_LITERAL_NULL_CONVERSION = YES;
				CLANG_WARN_OBJC_IMPLICIT_RETAIN_SELF = YES;
				CLANG_WARN_OBJC_LITERAL_CONVERSION = YES;
				CLANG_WARN_OBJC_ROOT_CLASS = YES_ERROR;
				CLANG_WARN_RANGE_LOOP_ANALYSIS = YES;
				CLANG_WARN_STRICT_PROTOTYPES = YES;
				CLANG_WARN_SUSPICIOUS_MOVE = YES;
				CLANG_WARN_UNGUARDED_AVAILABILITY = YES_AGGRESSIVE;
				CLANG_WARN_UNREACHABLE_CODE = YES;
				CLANG_WARN__DUPLICATE_METHOD_MATCH = YES;
				CODE_SIGN_IDENTITY = "iPhone Developer";
				COPY_PHASE_STRIP = NO;
				DEBUG_INFORMATION_FORMAT = "dwarf-with-dsym";
				ENABLE_NS_ASSERTIONS = NO;
				ENABLE_STRICT_OBJC_MSGSEND = YES;
				GCC_C_LANGUAGE_STANDARD = gnu11;
				GCC_NO_COMMON_BLOCKS = YES;
				GCC_WARN_64_TO_32_BIT_CONVERSION = YES;
				GCC_WARN_ABOUT_RETURN_TYPE = YES_ERROR;
				GCC_WARN_UNDECLARED_SELECTOR = YES;
				GCC_WARN_UNINITIALIZED_AUTOS = YES_AGGRESSIVE;
				GCC_WARN_UNUSED_FUNCTION = YES;
				GCC_WARN_UNUSED_VARIABLE = YES;
				IPHONEOS_DEPLOYMENT_TARGET = 12.1;
				MTL_ENABLE_DEBUG_INFO = NO;
				MTL_FAST_MATH = YES;
				SDKROOT = iphoneos;
				SWIFT_COMPILATION_MODE = wholemodule;
				SWIFT_OPTIMIZATION_LEVEL = "-O";
				VALIDATE_PRODUCT = YES;
			};
			name = Release;
		};
		44391F54225E6B0200CFBEDE /* Debug */ = {
			isa = XCBuildConfiguration;
			buildSettings = {
				ASSETCATALOG_COMPILER_APPICON_NAME = AppIcon;
				CODE_SIGN_STYLE = Automatic;
				INFOPLIST_FILE = Blitz/Info.plist;
				LD_RUNPATH_SEARCH_PATHS = (
					"$(inherited)",
					"@executable_path/Frameworks",
				);
				PRODUCT_BUNDLE_IDENTIFIER = nathanortbals.Blitz;
				PRODUCT_NAME = "$(TARGET_NAME)";
				SWIFT_VERSION = 5.0;
				TARGETED_DEVICE_FAMILY = "1,2";
			};
			name = Debug;
		};
		44391F55225E6B0200CFBEDE /* Release */ = {
			isa = XCBuildConfiguration;
			buildSettings = {
				ASSETCATALOG_COMPILER_APPICON_NAME = AppIcon;
				CODE_SIGN_STYLE = Automatic;
				INFOPLIST_FILE = Blitz/Info.plist;
				LD_RUNPATH_SEARCH_PATHS = (
					"$(inherited)",
					"@executable_path/Frameworks",
				);
				PRODUCT_BUNDLE_IDENTIFIER = nathanortbals.Blitz;
				PRODUCT_NAME = "$(TARGET_NAME)";
				SWIFT_VERSION = 5.0;
				TARGETED_DEVICE_FAMILY = "1,2";
			};
			name = Release;
		};
/* End XCBuildConfiguration section */

/* Begin XCConfigurationList section */
		44391F39225E6B0200CFBEDE /* Build configuration list for PBXProject "Blitz" */ = {
			isa = XCConfigurationList;
			buildConfigurations = (
				44391F51225E6B0200CFBEDE /* Debug */,
				44391F52225E6B0200CFBEDE /* Release */,
			);
			defaultConfigurationIsVisible = 0;
			defaultConfigurationName = Release;
		};
		44391F53225E6B0200CFBEDE /* Build configuration list for PBXNativeTarget "Blitz" */ = {
			isa = XCConfigurationList;
			buildConfigurations = (
				44391F54225E6B0200CFBEDE /* Debug */,
				44391F55225E6B0200CFBEDE /* Release */,
			);
			defaultConfigurationIsVisible = 0;
			defaultConfigurationName = Release;
		};
/* End XCConfigurationList section */

/* Begin XCVersionGroup section */
		44391F48225E6B0200CFBEDE /* Blitz.xcdatamodeld */ = {
			isa = XCVersionGroup;
			children = (
				44391F49225E6B0200CFBEDE /* Blitz.xcdatamodel */,
			);
			currentVersion = 44391F49225E6B0200CFBEDE /* Blitz.xcdatamodel */;
			path = Blitz.xcdatamodeld;
			sourceTree = "<group>";
			versionGroupType = wrapper.xcdatamodel;
		};
/* End XCVersionGroup section */
	};
	rootObject = 44391F36225E6B0200CFBEDE /* Project object */;
}
